
Microsoft Visual Studio Solution File, Format Version 11.00
# Visual Studio 2010
Project("{FAE04EC0-301F-11D3-BF4B-00C04F79EFBC}") = "HAPLC", "HAPLC\HAPLC.csproj", "{9FD1DFFF-A7A3-43F2-92A7-1B289133B97B}"
EndProject
Global
	GlobalSection(SolutionConfigurationPlatforms) = preSolution
		Debug|x86 = Debug|x86
		Release|x86 = Release|x86
	EndGlobalSection
	GlobalSection(ProjectConfigurationPlatforms) = postSolution
		{9FD1DFFF-A7A3-43F2-92A7-1B289133B97B}.Debug|x86.ActiveCfg = Debug|x86
		{9FD1DFFF-A7A3-43F2-92A7-1B289133B97B}.Debug|x86.Build.0 = Debug|x86
		{9FD1DFFF-A7A3-43F2-92A7-1B289133B97B}.Release|x86.ActiveCfg = Release|x86
		{9FD1DFFF-A7A3-43F2-92A7-1B289133B97B}.Release|x86.Build.0 = Release|x86
	EndGlobalSection
	GlobalSection(SolutionProperties) = preSolution
		HideSolutionNode = FALSE
	EndGlobalSection
EndGlobal
